
Microsoft Visual Studio Solution File, Format Version 12.00
# Visual Studio 2013
VisualStudioVersion = 12.0.31101.0
MinimumVisualStudioVersion = 10.0.40219.1
Project("{8BC9CEB8-8B4A-11D0-8D11-00A0C91BC942}") = "01. Escrevendo uma string", "01\01.vcxproj", "{DCBD95B6-219F-496A-9F4D-34455EE8F68F}"
EndProject
Project("{8BC9CEB8-8B4A-11D0-8D11-00A0C91BC942}") = "02. Adicionando texto ao final do arquivo", "02. Adicionando texto ao final do arquivo\02. Adicionando texto ao final do arquivo.vcxproj", "{A18658F0-6084-4533-A9B4-85B5B9BE1CD2}"
EndProject
Project("{8BC9CEB8-8B4A-11D0-8D11-00A0C91BC942}") = "03. Ler o arquivo letra a letra", "03\03.vcxproj", "{D76F1F59-A1E9-4536-9B29-313AFFABE43B}"
EndProject
Project("{8BC9CEB8-8B4A-11D0-8D11-00A0C91BC942}") = "04. Ler o arquivo inteiro", "04\04.vcxproj", "{17A65A07-17C2-4D97-868E-45E3FF5A80D5}"
EndProject
Global
	GlobalSection(SolutionConfigurationPlatforms) = preSolution
		Debug|Win32 = Debug|Win32
		Release|Win32 = Release|Win32
	EndGlobalSection
	GlobalSection(ProjectConfigurationPlatforms) = postSolution
		{DCBD95B6-219F-496A-9F4D-34455EE8F68F}.Debug|Win32.ActiveCfg = Debug|Win32
		{DCBD95B6-219F-496A-9F4D-34455EE8F68F}.Debug|Win32.Build.0 = Debug|Win32
		{DCBD95B6-219F-496A-9F4D-34455EE8F68F}.Release|Win32.ActiveCfg = Release|Win32
		{DCBD95B6-219F-496A-9F4D-34455EE8F68F}.Release|Win32.Build.0 = Release|Win32
		{A18658F0-6084-4533-A9B4-85B5B9BE1CD2}.Debug|Win32.ActiveCfg = Debug|Win32
		{A18658F0-6084-4533-A9B4-85B5B9BE1CD2}.Debug|Win32.Build.0 = Debug|Win32
		{A18658F0-6084-4533-A9B4-85B5B9BE1CD2}.Release|Win32.ActiveCfg = Release|Win32
		{A18658F0-6084-4533-A9B4-85B5B9BE1CD2}.Release|Win32.Build.0 = Release|Win32
		{D76F1F59-A1E9-4536-9B29-313AFFABE43B}.Debug|Win32.ActiveCfg = Debug|Win32
		{D76F1F59-A1E9-4536-9B29-313AFFABE43B}.Debug|Win32.Build.0 = Debug|Win32
		{D76F1F59-A1E9-4536-9B29-313AFFABE43B}.Release|Win32.ActiveCfg = Release|Win32
		{D76F1F59-A1E9-4536-9B29-313AFFABE43B}.Release|Win32.Build.0 = Release|Win32
		{17A65A07-17C2-4D97-868E-45E3FF5A80D5}.Debug|Win32.ActiveCfg = Debug|Win32
		{17A65A07-17C2-4D97-868E-45E3FF5A80D5}.Debug|Win32.Build.0 = Debug|Win32
		{17A65A07-17C2-4D97-868E-45E3FF5A80D5}.Release|Win32.ActiveCfg = Release|Win32
		{17A65A07-17C2-4D97-868E-45E3FF5A80D5}.Release|Win32.Build.0 = Release|Win32
	EndGlobalSection
	GlobalSection(SolutionProperties) = preSolution
		HideSolutionNode = FALSE
	EndGlobalSection
EndGlobal
